// !$*UTF8*$!
{
	archiveVersion = 1;
	classes = {
	};
	objectVersion = 55;
	objects = {

/* Begin PBXBuildFile section */
		A3E68C532737422B00EB41E3 /* AppDelegate.swift in Sources */ = {isa = PBXBuildFile; fileRef = A3E68C522737422B00EB41E3 /* AppDelegate.swift */; };
		A3E68C552737422B00EB41E3 /* SceneDelegate.swift in Sources */ = {isa = PBXBuildFile; fileRef = A3E68C542737422B00EB41E3 /* SceneDelegate.swift */; };
		A3E68C572737422B00EB41E3 /* ViewController.swift in Sources */ = {isa = PBXBuildFile; fileRef = A3E68C562737422B00EB41E3 /* ViewController.swift */; };
		A3E68C5A2737422B00EB41E3 /* Main.storyboard in Resources */ = {isa = PBXBuildFile; fileRef = A3E68C582737422B00EB41E3 /* Main.storyboard */; };
		A3E68C5D2737422B00EB41E3 /* ComunicacionDeSegues.xcdatamodeld in Sources */ = {isa = PBXBuildFile; fileRef = A3E68C5B2737422B00EB41E3 /* ComunicacionDeSegues.xcdatamodeld */; };
		A3E68C5F2737422C00EB41E3 /* Assets.xcassets in Resources */ = {isa = PBXBuildFile; fileRef = A3E68C5E2737422C00EB41E3 /* Assets.xcassets */; };
		A3E68C622737422C00EB41E3 /* LaunchScreen.storyboard in Resources */ = {isa = PBXBuildFile; fileRef = A3E68C602737422C00EB41E3 /* LaunchScreen.storyboard */; };
		A3E68C6D2737422C00EB41E3 /* ComunicacionDeSeguesTests.swift in Sources */ = {isa = PBXBuildFile; fileRef = A3E68C6C2737422C00EB41E3 /* ComunicacionDeSeguesTests.swift */; };
		A3E68C772737422C00EB41E3 /* ComunicacionDeSeguesUITests.swift in Sources */ = {isa = PBXBuildFile; fileRef = A3E68C762737422C00EB41E3 /* ComunicacionDeSeguesUITests.swift */; };
		A3E68C792737422C00EB41E3 /* ComunicacionDeSeguesUITestsLaunchTests.swift in Sources */ = {isa = PBXBuildFile; fileRef = A3E68C782737422C00EB41E3 /* ComunicacionDeSeguesUITestsLaunchTests.swift */; };
/* End PBXBuildFile section */

/* Begin PBXContainerItemProxy section */
		A3E68C692737422C00EB41E3 /* PBXContainerItemProxy */ = {
			isa = PBXContainerItemProxy;
			containerPortal = A3E68C472737422B00EB41E3 /* Project object */;
			proxyType = 1;
			remoteGlobalIDString = A3E68C4E2737422B00EB41E3;
			remoteInfo = ComunicacionDeSegues;
		};
		A3E68C732737422C00EB41E3 /* PBXContainerItemProxy */ = {
			isa = PBXContainerItemProxy;
			containerPortal = A3E68C472737422B00EB41E3 /* Project object */;
			proxyType = 1;
			remoteGlobalIDString = A3E68C4E2737422B00EB41E3;
			remoteInfo = ComunicacionDeSegues;
		};
/* End PBXContainerItemProxy section */

/* Begin PBXFileReference section */
		A3E68C4F2737422B00EB41E3 /* ComunicacionDeSegues.app */ = {isa = PBXFileReference; explicitFileType = wrapper.application; includeInIndex = 0; path = ComunicacionDeSegues.app; sourceTree = BUILT_PRODUCTS_DIR; };
		A3E68C522737422B00EB41E3 /* AppDelegate.swift */ = {isa = PBXFileReference; lastKnownFileType = sourcecode.swift; path = AppDelegate.swift; sourceTree = "<group>"; };
		A3E68C542737422B00EB41E3 /* SceneDelegate.swift */ = {isa = PBXFileReference; lastKnownFileType = sourcecode.swift; path = SceneDelegate.swift; sourceTree = "<group>"; };
		A3E68C562737422B00EB41E3 /* ViewController.swift */ = {isa = PBXFileReference; lastKnownFileType = sourcecode.swift; path = ViewController.swift; sourceTree = "<group>"; };
		A3E68C592737422B00EB41E3 /* Base */ = {isa = PBXFileReference; lastKnownFileType = file.storyboard; name = Base; path = Base.lproj/Main.storyboard; sourceTree = "<group>"; };
		A3E68C5C2737422B00EB41E3 /* ComunicacionDeSegues.xcdatamodel */ = {isa = PBXFileReference; lastKnownFileType = wrapper.xcdatamodel; path = ComunicacionDeSegues.xcdatamodel; sourceTree = "<group>"; };
		A3E68C5E2737422C00EB41E3 /* Assets.xcassets */ = {isa = PBXFileReference; lastKnownFileType = folder.assetcatalog; path = Assets.xcassets; sourceTree = "<group>"; };
		A3E68C612737422C00EB41E3 /* Base */ = {isa = PBXFileReference; lastKnownFileType = file.storyboard; name = Base; path = Base.lproj/LaunchScreen.storyboard; sourceTree = "<group>"; };
		A3E68C632737422C00EB41E3 /* Info.plist */ = {isa = PBXFileReference; lastKnownFileType = text.plist.xml; path = Info.plist; sourceTree = "<group>"; };
		A3E68C682737422C00EB41E3 /* ComunicacionDeSeguesTests.xctest */ = {isa = PBXFileReference; explicitFileType = wrapper.cfbundle; includeInIndex = 0; path = ComunicacionDeSeguesTests.xctest; sourceTree = BUILT_PRODUCTS_DIR; };
		A3E68C6C2737422C00EB41E3 /* ComunicacionDeSeguesTests.swift */ = {isa = PBXFileReference; lastKnownFileType = sourcecode.swift; path = ComunicacionDeSeguesTests.swift; sourceTree = "<group>"; };
		A3E68C722737422C00EB41E3 /* ComunicacionDeSeguesUITests.xctest */ = {isa = PBXFileReference; explicitFileType = wrapper.cfbundle; includeInIndex = 0; path = ComunicacionDeSeguesUITests.xctest; sourceTree = BUILT_PRODUCTS_DIR; };
		A3E68C762737422C00EB41E3 /* ComunicacionDeSeguesUITests.swift */ = {isa = PBXFileReference; lastKnownFileType = sourcecode.swift; path = ComunicacionDeSeguesUITests.swift; sourceTree = "<group>"; };
		A3E68C782737422C00EB41E3 /* ComunicacionDeSeguesUITestsLaunchTests.swift */ = {isa = PBXFileReference; lastKnownFileType = sourcecode.swift; path = ComunicacionDeSeguesUITestsLaunchTests.swift; sourceTree = "<group>"; };
/* End PBXFileReference section */

/* Begin PBXFrameworksBuildPhase section */
		A3E68C4C2737422B00EB41E3 /* Frameworks */ = {
			isa = PBXFrameworksBuildPhase;
			buildActionMask = 2147483647;
			files = (
			);
			runOnlyForDeploymentPostprocessing = 0;
		};
		A3E68C652737422C00EB41E3 /* Frameworks */ = {
			isa = PBXFrameworksBuildPhase;
			buildActionMask = 2147483647;
			files = (
			);
			runOnlyForDeploymentPostprocessing = 0;
		};
		A3E68C6F2737422C00EB41E3 /* Frameworks */ = {
			isa = PBXFrameworksBuildPhase;
			buildActionMask = 2147483647;
			files = (
			);
			runOnlyForDeploymentPostprocessing = 0;
		};
/* End PBXFrameworksBuildPhase section */

/* Begin PBXGroup section */
		A3E68C462737422B00EB41E3 = {
			isa = PBXGroup;
			children = (
				A3E68C512737422B00EB41E3 /* ComunicacionDeSegues */,
				A3E68C6B2737422C00EB41E3 /* ComunicacionDeSeguesTests */,
				A3E68C752737422C00EB41E3 /* ComunicacionDeSeguesUITests */,
				A3E68C502737422B00EB41E3 /* Products */,
			);
			sourceTree = "<group>";
		};
		A3E68C502737422B00EB41E3 /* Products */ = {
			isa = PBXGroup;
			children = (
				A3E68C4F2737422B00EB41E3 /* ComunicacionDeSegues.app */,
				A3E68C682737422C00EB41E3 /* ComunicacionDeSeguesTests.xctest */,
				A3E68C722737422C00EB41E3 /* ComunicacionDeSeguesUITests.xctest */,
			);
			name = Products;
			sourceTree = "<group>";
		};
		A3E68C512737422B00EB41E3 /* ComunicacionDeSegues */ = {
			isa = PBXGroup;
			children = (
				A3E68C522737422B00EB41E3 /* AppDelegate.swift */,
				A3E68C542737422B00EB41E3 /* SceneDelegate.swift */,
				A3E68C562737422B00EB41E3 /* ViewController.swift */,
				A3E68C582737422B00EB41E3 /* Main.storyboard */,
				A3E68C5E2737422C00EB41E3 /* Assets.xcassets */,
				A3E68C602737422C00EB41E3 /* LaunchScreen.storyboard */,
				A3E68C632737422C00EB41E3 /* Info.plist */,
				A3E68C5B2737422B00EB41E3 /* ComunicacionDeSegues.xcdatamodeld */,
			);
			path = ComunicacionDeSegues;
			sourceTree = "<group>";
		};
		A3E68C6B2737422C00EB41E3 /* ComunicacionDeSeguesTests */ = {
			isa = PBXGroup;
			children = (
				A3E68C6C2737422C00EB41E3 /* ComunicacionDeSeguesTests.swift */,
			);
			path = ComunicacionDeSeguesTests;
			sourceTree = "<group>";
		};
		A3E68C752737422C00EB41E3 /* ComunicacionDeSeguesUITests */ = {
			isa = PBXGroup;
			children = (
				A3E68C762737422C00EB41E3 /* ComunicacionDeSeguesUITests.swift */,
				A3E68C782737422C00EB41E3 /* ComunicacionDeSeguesUITestsLaunchTests.swift */,
			);
			path = ComunicacionDeSeguesUITests;
			sourceTree = "<group>";
		};
/* End PBXGroup section */

/* Begin PBXNativeTarget section */
		A3E68C4E2737422B00EB41E3 /* ComunicacionDeSegues */ = {
			isa = PBXNativeTarget;
			buildConfigurationList = A3E68C7C2737422C00EB41E3 /* Build configuration list for PBXNativeTarget "ComunicacionDeSegues" */;
			buildPhases = (
				A3E68C4B2737422B00EB41E3 /* Sources */,
				A3E68C4C2737422B00EB41E3 /* Frameworks */,
				A3E68C4D2737422B00EB41E3 /* Resources */,
			);
			buildRules = (
			);
			dependencies = (
			);
			name = ComunicacionDeSegues;
			productName = ComunicacionDeSegues;
			productReference = A3E68C4F2737422B00EB41E3 /* ComunicacionDeSegues.app */;
			productType = "com.apple.product-type.application";
		};
		A3E68C672737422C00EB41E3 /* ComunicacionDeSeguesTests */ = {
			isa = PBXNativeTarget;
			buildConfigurationList = A3E68C7F2737422C00EB41E3 /* Build configuration list for PBXNativeTarget "ComunicacionDeSeguesTests" */;
			buildPhases = (
				A3E68C642737422C00EB41E3 /* Sources */,
				A3E68C652737422C00EB41E3 /* Frameworks */,
				A3E68C662737422C00EB41E3 /* Resources */,
			);
			buildRules = (
			);
			dependencies = (
				A3E68C6A2737422C00EB41E3 /* PBXTargetDependency */,
			);
			name = ComunicacionDeSeguesTests;
			productName = ComunicacionDeSeguesTests;
			productReference = A3E68C682737422C00EB41E3 /* ComunicacionDeSeguesTests.xctest */;
			productType = "com.apple.product-type.bundle.unit-test";
		};
		A3E68C712737422C00EB41E3 /* ComunicacionDeSeguesUITests */ = {
			isa = PBXNativeTarget;
			buildConfigurationList = A3E68C822737422C00EB41E3 /* Build configuration list for PBXNativeTarget "ComunicacionDeSeguesUITests" */;
			buildPhases = (
				A3E68C6E2737422C00EB41E3 /* Sources */,
				A3E68C6F2737422C00EB41E3 /* Frameworks */,
				A3E68C702737422C00EB41E3 /* Resources */,
			);
			buildRules = (
			);
			dependencies = (
				A3E68C742737422C00EB41E3 /* PBXTargetDependency */,
			);
			name = ComunicacionDeSeguesUITests;
			productName = ComunicacionDeSeguesUITests;
			productReference = A3E68C722737422C00EB41E3 /* ComunicacionDeSeguesUITests.xctest */;
			productType = "com.apple.product-type.bundle.ui-testing";
		};
/* End PBXNativeTarget section */

/* Begin PBXProject section */
		A3E68C472737422B00EB41E3 /* Project object */ = {
			isa = PBXProject;
			attributes = {
				BuildIndependentTargetsInParallel = 1;
				LastSwiftUpdateCheck = 1310;
				LastUpgradeCheck = 1310;
				TargetAttributes = {
					A3E68C4E2737422B00EB41E3 = {
						CreatedOnToolsVersion = 13.1;
					};
					A3E68C672737422C00EB41E3 = {
						CreatedOnToolsVersion = 13.1;
						TestTargetID = A3E68C4E2737422B00EB41E3;
					};
					A3E68C712737422C00EB41E3 = {
						CreatedOnToolsVersion = 13.1;
						TestTargetID = A3E68C4E2737422B00EB41E3;
					};
				};
			};
			buildConfigurationList = A3E68C4A2737422B00EB41E3 /* Build configuration list for PBXProject "ComunicacionDeSegues" */;
			compatibilityVersion = "Xcode 13.0";
			developmentRegion = en;
			hasScannedForEncodings = 0;
			knownRegions = (
				en,
				Base,
			);
			mainGroup = A3E68C462737422B00EB41E3;
			productRefGroup = A3E68C502737422B00EB41E3 /* Products */;
			projectDirPath = "";
			projectRoot = "";
			targets = (
				A3E68C4E2737422B00EB41E3 /* ComunicacionDeSegues */,
				A3E68C672737422C00EB41E3 /* ComunicacionDeSeguesTests */,
				A3E68C712737422C00EB41E3 /* ComunicacionDeSeguesUITests */,
			);
		};
/* End PBXProject section */

/* Begin PBXResourcesBuildPhase section */
		A3E68C4D2737422B00EB41E3 /* Resources */ = {
			isa = PBXResourcesBuildPhase;
			buildActionMask = 2147483647;
			files = (
				A3E68C622737422C00EB41E3 /* LaunchScreen.storyboard in Resources */,
				A3E68C5F2737422C00EB41E3 /* Assets.xcassets in Resources */,
				A3E68C5A2737422B00EB41E3 /* Main.storyboard in Resources */,
			);
			runOnlyForDeploymentPostprocessing = 0;
		};
		A3E68C662737422C00EB41E3 /* Resources */ = {
			isa = PBXResourcesBuildPhase;
			buildActionMask = 2147483647;
			files = (
			);
			runOnlyForDeploymentPostprocessing = 0;
		};
		A3E68C702737422C00EB41E3 /* Resources */ = {
			isa = PBXResourcesBuildPhase;
			buildActionMask = 2147483647;
			files = (
			);
			runOnlyForDeploymentPostprocessing = 0;
		};
/* End PBXResourcesBuildPhase section */

/* Begin PBXSourcesBuildPhase section */
		A3E68C4B2737422B00EB41E3 /* Sources */ = {
			isa = PBXSourcesBuildPhase;
			buildActionMask = 2147483647;
			files = (
				A3E68C572737422B00EB41E3 /* ViewController.swift in Sources */,
				A3E68C532737422B00EB41E3 /* AppDelegate.swift in Sources */,
				A3E68C5D2737422B00EB41E3 /* ComunicacionDeSegues.xcdatamodeld in Sources */,
				A3E68C552737422B00EB41E3 /* SceneDelegate.swift in Sources */,
			);
			runOnlyForDeploymentPostprocessing = 0;
		};
		A3E68C642737422C00EB41E3 /* Sources */ = {
			isa = PBXSourcesBuildPhase;
			buildActionMask = 2147483647;
			files = (
				A3E68C6D2737422C00EB41E3 /* ComunicacionDeSeguesTests.swift in Sources */,
			);
			runOnlyForDeploymentPostprocessing = 0;
		};
		A3E68C6E2737422C00EB41E3 /* Sources */ = {
			isa = PBXSourcesBuildPhase;
			buildActionMask = 2147483647;
			files = (
				A3E68C772737422C00EB41E3 /* ComunicacionDeSeguesUITests.swift in Sources */,
				A3E68C792737422C00EB41E3 /* ComunicacionDeSeguesUITestsLaunchTests.swift in Sources */,
			);
			runOnlyForDeploymentPostprocessing = 0;
		};
/* End PBXSourcesBuildPhase section */

/* Begin PBXTargetDependency section */
		A3E68C6A2737422C00EB41E3 /* PBXTargetDependency */ = {
			isa = PBXTargetDependency;
			target = A3E68C4E2737422B00EB41E3 /* ComunicacionDeSegues */;
			targetProxy = A3E68C692737422C00EB41E3 /* PBXContainerItemProxy */;
		};
		A3E68C742737422C00EB41E3 /* PBXTargetDependency */ = {
			isa = PBXTargetDependency;
			target = A3E68C4E2737422B00EB41E3 /* ComunicacionDeSegues */;
			targetProxy = A3E68C732737422C00EB41E3 /* PBXContainerItemProxy */;
		};
/* End PBXTargetDependency section */

/* Begin PBXVariantGroup section */
		A3E68C582737422B00EB41E3 /* Main.storyboard */ = {
			isa = PBXVariantGroup;
			children = (
				A3E68C592737422B00EB41E3 /* Base */,
			);
			name = Main.storyboard;
			sourceTree = "<group>";
		};
		A3E68C602737422C00EB41E3 /* LaunchScreen.storyboard */ = {
			isa = PBXVariantGroup;
			children = (
				A3E68C612737422C00EB41E3 /* Base */,
			);
			name = LaunchScreen.storyboard;
			sourceTree = "<group>";
		};
/* End PBXVariantGroup section */

/* Begin XCBuildConfiguration section */
		A3E68C7A2737422C00EB41E3 /* Debug */ = {
			isa = XCBuildConfiguration;
			buildSettings = {
				ALWAYS_SEARCH_USER_PATHS = NO;
				CLANG_ANALYZER_NONNULL = YES;
				CLANG_ANALYZER_NUMBER_OBJECT_CONVERSION = YES_AGGRESSIVE;
				CLANG_CXX_LANGUAGE_STANDARD = "gnu++17";
				CLANG_CXX_LIBRARY = "libc++";
				CLANG_ENABLE_MODULES = YES;
				CLANG_ENABLE_OBJC_ARC = YES;
				CLANG_ENABLE_OBJC_WEAK = YES;
				CLANG_WARN_BLOCK_CAPTURE_AUTORELEASING = YES;
				CLANG_WARN_BOOL_CONVERSION = YES;
				CLANG_WARN_COMMA = YES;
				CLANG_WARN_CONSTANT_CONVERSION = YES;
				CLANG_WARN_DEPRECATED_OBJC_IMPLEMENTATIONS = YES;
				CLANG_WARN_DIRECT_OBJC_ISA_USAGE = YES_ERROR;
				CLANG_WARN_DOCUMENTATION_COMMENTS = YES;
				CLANG_WARN_EMPTY_BODY = YES;
				CLANG_WARN_ENUM_CONVERSION = YES;
				CLANG_WARN_INFINITE_RECURSION = YES;
				CLANG_WARN_INT_CONVERSION = YES;
				CLANG_WARN_NON_LITERAL_NULL_CONVERSION = YES;
				CLANG_WARN_OBJC_IMPLICIT_RETAIN_SELF = YES;
				CLANG_WARN_OBJC_LITERAL_CONVERSION = YES;
				CLANG_WARN_OBJC_ROOT_CLASS = YES_ERROR;
				CLANG_WARN_QUOTED_INCLUDE_IN_FRAMEWORK_HEADER = YES;
				CLANG_WARN_RANGE_LOOP_ANALYSIS = YES;
				CLANG_WARN_STRICT_PROTOTYPES = YES;
				CLANG_WARN_SUSPICIOUS_MOVE = YES;
				CLANG_WARN_UNGUARDED_AVAILABILITY = YES_AGGRESSIVE;
				CLANG_WARN_UNREACHABLE_CODE = YES;
				CLANG_WARN__DUPLICATE_METHOD_MATCH = YES;
				COPY_PHASE_STRIP = NO;
				DEBUG_INFORMATION_FORMAT = dwarf;
				ENABLE_STRICT_OBJC_MSGSEND = YES;
				ENABLE_TESTABILITY = YES;
				GCC_C_LANGUAGE_STANDARD = gnu11;
				GCC_DYNAMIC_NO_PIC = NO;
				GCC_NO_COMMON_BLOCKS = YES;
				GCC_OPTIMIZATION_LEVEL = 0;
				GCC_PREPROCESSOR_DEFINITIONS = (
					"DEBUG=1",
					"$(inherited)",
				);
				GCC_WARN_64_TO_32_BIT_CONVERSION = YES;
				GCC_WARN_ABOUT_RETURN_TYPE = YES_ERROR;
				GCC_WARN_UNDECLARED_SELECTOR = YES;
				GCC_WARN_UNINITIALIZED_AUTOS = YES_AGGRESSIVE;
				GCC_WARN_UNUSED_FUNCTION = YES;
				GCC_WARN_UNUSED_VARIABLE = YES;
				IPHONEOS_DEPLOYMENT_TARGET = 15.0;
				MTL_ENABLE_DEBUG_INFO = INCLUDE_SOURCE;
				MTL_FAST_MATH = YES;
				ONLY_ACTIVE_ARCH = YES;
				SDKROOT = iphoneos;
				SWIFT_ACTIVE_COMPILATION_CONDITIONS = DEBUG;
				SWIFT_OPTIMIZATION_LEVEL = "-Onone";
			};
			name = Debug;
		};
		A3E68C7B2737422C00EB41E3 /* Release */ = {
			isa = XCBuildConfiguration;
			buildSettings = {
				ALWAYS_SEARCH_USER_PATHS = NO;
				CLANG_ANALYZER_NONNULL = YES;
				CLANG_ANALYZER_NUMBER_OBJECT_CONVERSION = YES_AGGRESSIVE;
				CLANG_CXX_LANGUAGE_STANDARD = "gnu++17";
				CLANG_CXX_LIBRARY = "libc++";
				CLANG_ENABLE_MODULES = YES;
				CLANG_ENABLE_OBJC_ARC = YES;
				CLANG_ENABLE_OBJC_WEAK = YES;
				CLANG_WARN_BLOCK_CAPTURE_AUTORELEASING = YES;
				CLANG_WARN_BOOL_CONVERSION = YES;
				CLANG_WARN_COMMA = YES;
				CLANG_WARN_CONSTANT_CONVERSION = YES;
				CLANG_WARN_DEPRECATED_OBJC_IMPLEMENTATIONS = YES;
				CLANG_WARN_DIRECT_OBJC_ISA_USAGE = YES_ERROR;
				CLANG_WARN_DOCUMENTATION_COMMENTS = YES;
				CLANG_WARN_EMPTY_BODY = YES;
				CLANG_WARN_ENUM_CONVERSION = YES;
				CLANG_WARN_INFINITE_RECURSION = YES;
				CLANG_WARN_INT_CONVERSION = YES;
				CLANG_WARN_NON_LITERAL_NULL_CONVERSION = YES;
				CLANG_WARN_OBJC_IMPLICIT_RETAIN_SELF = YES;
				CLANG_WARN_OBJC_LITERAL_CONVERSION = YES;
				CLANG_WARN_OBJC_ROOT_CLASS = YES_ERROR;
				CLANG_WARN_QUOTED_INCLUDE_IN_FRAMEWORK_HEADER = YES;
				CLANG_WARN_RANGE_LOOP_ANALYSIS = YES;
				CLANG_WARN_STRICT_PROTOTYPES = YES;
				CLANG_WARN_SUSPICIOUS_MOVE = YES;
				CLANG_WARN_UNGUARDED_AVAILABILITY = YES_AGGRESSIVE;
				CLANG_WARN_UNREACHABLE_CODE = YES;
				CLANG_WARN__DUPLICATE_METHOD_MATCH = YES;
				COPY_PHASE_STRIP = NO;
				DEBUG_INFORMATION_FORMAT = "dwarf-with-dsym";
				ENABLE_NS_ASSERTIONS = NO;
				ENABLE_STRICT_OBJC_MSGSEND = YES;
				GCC_C_LANGUAGE_STANDARD = gnu11;
				GCC_NO_COMMON_BLOCKS = YES;
				GCC_WARN_64_TO_32_BIT_CONVERSION = YES;
				GCC_WARN_ABOUT_RETURN_TYPE = YES_ERROR;
				GCC_WARN_UNDECLARED_SELECTOR = YES;
				GCC_WARN_UNINITIALIZED_AUTOS = YES_AGGRESSIVE;
				GCC_WARN_UNUSED_FUNCTION = YES;
				GCC_WARN_UNUSED_VARIABLE = YES;
				IPHONEOS_DEPLOYMENT_TARGET = 15.0;
				MTL_ENABLE_DEBUG_INFO = NO;
				MTL_FAST_MATH = YES;
				SDKROOT = iphoneos;
				SWIFT_COMPILATION_MODE = wholemodule;
				SWIFT_OPTIMIZATION_LEVEL = "-O";
				VALIDATE_PRODUCT = YES;
			};
			name = Release;
		};
		A3E68C7D2737422C00EB41E3 /* Debug */ = {
			isa = XCBuildConfiguration;
			buildSettings = {
				ASSETCATALOG_COMPILER_APPICON_NAME = AppIcon;
				ASSETCATALOG_COMPILER_GLOBAL_ACCENT_COLOR_NAME = AccentColor;
				CODE_SIGN_STYLE = Automatic;
				CURRENT_PROJECT_VERSION = 1;
				DEVELOPMENT_TEAM = Y45CT9GWMC;
				GENERATE_INFOPLIST_FILE = YES;
				INFOPLIST_FILE = ComunicacionDeSegues/Info.plist;
				INFOPLIST_KEY_UIApplicationSupportsIndirectInputEvents = YES;
				INFOPLIST_KEY_UILaunchStoryboardName = LaunchScreen;
				INFOPLIST_KEY_UIMainStoryboardFile = Main;
				INFOPLIST_KEY_UISupportedInterfaceOrientations_iPad = "UIInterfaceOrientationPortrait UIInterfaceOrientationPortraitUpsideDown UIInterfaceOrientationLandscapeLeft UIInterfaceOrientationLandscapeRight";
				INFOPLIST_KEY_UISupportedInterfaceOrientations_iPhone = "UIInterfaceOrientationPortrait UIInterfaceOrientationLandscapeLeft UIInterfaceOrientationLandscapeRight";
				LD_RUNPATH_SEARCH_PATHS = (
					"$(inherited)",
					"@executable_path/Frameworks",
				);
				MARKETING_VERSION = 1.0;
				PRODUCT_BUNDLE_IDENTIFIER = mx.educacion.practica.subproducto.producto.ComunicacionDeSegues;
				PRODUCT_NAME = "$(TARGET_NAME)";
				SWIFT_EMIT_LOC_STRINGS = YES;
				SWIFT_VERSION = 5.0;
				TARGETED_DEVICE_FAMILY = "1,2";
			};
			name = Debug;
		};
		A3E68C7E2737422C00EB41E3 /* Release */ = {
			isa = XCBuildConfiguration;
			buildSettings = {
				ASSETCATALOG_COMPILER_APPICON_NAME = AppIcon;
				ASSETCATALOG_COMPILER_GLOBAL_ACCENT_COLOR_NAME = AccentColor;
				CODE_SIGN_STYLE = Automatic;
				CURRENT_PROJECT_VERSION = 1;
				DEVELOPMENT_TEAM = Y45CT9GWMC;
				GENERATE_INFOPLIST_FILE = YES;
				INFOPLIST_FILE = ComunicacionDeSegues/Info.plist;
				INFOPLIST_KEY_UIApplicationSupportsIndirectInputEvents = YES;
				INFOPLIST_KEY_UILaunchStoryboardName = LaunchScreen;
				INFOPLIST_KEY_UIMainStoryboardFile = Main;
				INFOPLIST_KEY_UISupportedInterfaceOrientations_iPad = "UIInterfaceOrientationPortrait UIInterfaceOrientationPortraitUpsideDown UIInterfaceOrientationLandscapeLeft UIInterfaceOrientationLandscapeRight";
				INFOPLIST_KEY_UISupportedInterfaceOrientations_iPhone = "UIInterfaceOrientationPortrait UIInterfaceOrientationLandscapeLeft UIInterfaceOrientationLandscapeRight";
				LD_RUNPATH_SEARCH_PATHS = (
					"$(inherited)",
					"@executable_path/Frameworks",
				);
				MARKETING_VERSION = 1.0;
				PRODUCT_BUNDLE_IDENTIFIER = mx.educacion.practica.subproducto.producto.ComunicacionDeSegues;
				PRODUCT_NAME = "$(TARGET_NAME)";
				SWIFT_EMIT_LOC_STRINGS = YES;
				SWIFT_VERSION = 5.0;
				TARGETED_DEVICE_FAMILY = "1,2";
			};
			name = Release;
		};
		A3E68C802737422C00EB41E3 /* Debug */ = {
			isa = XCBuildConfiguration;
			buildSettings = {
				ALWAYS_EMBED_SWIFT_STANDARD_LIBRARIES = YES;
				BUNDLE_LOADER = "$(TEST_HOST)";
				CODE_SIGN_STYLE = Automatic;
				CURRENT_PROJECT_VERSION = 1;
				DEVELOPMENT_TEAM = Y45CT9GWMC;
				GENERATE_INFOPLIST_FILE = YES;
				IPHONEOS_DEPLOYMENT_TARGET = 15.0;
				LD_RUNPATH_SEARCH_PATHS = (
					"$(inherited)",
					"@executable_path/Frameworks",
					"@loader_path/Frameworks",
				);
				MARKETING_VERSION = 1.0;
				PRODUCT_BUNDLE_IDENTIFIER = mx.educacion.practica.subproducto.producto.ComunicacionDeSeguesTests;
				PRODUCT_NAME = "$(TARGET_NAME)";
				SWIFT_EMIT_LOC_STRINGS = NO;
				SWIFT_VERSION = 5.0;
				TARGETED_DEVICE_FAMILY = "1,2";
				TEST_HOST = "$(BUILT_PRODUCTS_DIR)/ComunicacionDeSegues.app/ComunicacionDeSegues";
			};
			name = Debug;
		};
		A3E68C812737422C00EB41E3 /* Release */ = {
			isa = XCBuildConfiguration;
			buildSettings = {
				ALWAYS_EMBED_SWIFT_STANDARD_LIBRARIES = YES;
				BUNDLE_LOADER = "$(TEST_HOST)";
				CODE_SIGN_STYLE = Automatic;
				CURRENT_PROJECT_VERSION = 1;
				DEVELOPMENT_TEAM = Y45CT9GWMC;
				GENERATE_INFOPLIST_FILE = YES;
				IPHONEOS_DEPLOYMENT_TARGET = 15.0;
				LD_RUNPATH_SEARCH_PATHS = (
					"$(inherited)",
					"@executable_path/Frameworks",
					"@loader_path/Frameworks",
				);
				MARKETING_VERSION = 1.0;
				PRODUCT_BUNDLE_IDENTIFIER = mx.educacion.practica.subproducto.producto.ComunicacionDeSeguesTests;
				PRODUCT_NAME = "$(TARGET_NAME)";
				SWIFT_EMIT_LOC_STRINGS = NO;
				SWIFT_VERSION = 5.0;
				TARGETED_DEVICE_FAMILY = "1,2";
				TEST_HOST = "$(BUILT_PRODUCTS_DIR)/ComunicacionDeSegues.app/ComunicacionDeSegues";
			};
			name = Release;
		};
		A3E68C832737422C00EB41E3 /* Debug */ = {
			isa = XCBuildConfiguration;
			buildSettings = {
				ALWAYS_EMBED_SWIFT_STANDARD_LIBRARIES = YES;
				CODE_SIGN_STYLE = Automatic;
				CURRENT_PROJECT_VERSION = 1;
				DEVELOPMENT_TEAM = Y45CT9GWMC;
				GENERATE_INFOPLIST_FILE = YES;
				LD_RUNPATH_SEARCH_PATHS = (
					"$(inherited)",
					"@executable_path/Frameworks",
					"@loader_path/Frameworks",
				);
				MARKETING_VERSION = 1.0;
				PRODUCT_BUNDLE_IDENTIFIER = mx.educacion.practica.subproducto.producto.ComunicacionDeSeguesUITests;
				PRODUCT_NAME = "$(TARGET_NAME)";
				SWIFT_EMIT_LOC_STRINGS = NO;
				SWIFT_VERSION = 5.0;
				TARGETED_DEVICE_FAMILY = "1,2";
				TEST_TARGET_NAME = ComunicacionDeSegues;
			};
			name = Debug;
		};
		A3E68C842737422C00EB41E3 /* Release */ = {
			isa = XCBuildConfiguration;
			buildSettings = {
				ALWAYS_EMBED_SWIFT_STANDARD_LIBRARIES = YES;
				CODE_SIGN_STYLE = Automatic;
				CURRENT_PROJECT_VERSION = 1;
				DEVELOPMENT_TEAM = Y45CT9GWMC;
				GENERATE_INFOPLIST_FILE = YES;
				LD_RUNPATH_SEARCH_PATHS = (
					"$(inherited)",
					"@executable_path/Frameworks",
					"@loader_path/Frameworks",
				);
				MARKETING_VERSION = 1.0;
				PRODUCT_BUNDLE_IDENTIFIER = mx.educacion.practica.subproducto.producto.ComunicacionDeSeguesUITests;
				PRODUCT_NAME = "$(TARGET_NAME)";
				SWIFT_EMIT_LOC_STRINGS = NO;
				SWIFT_VERSION = 5.0;
				TARGETED_DEVICE_FAMILY = "1,2";
				TEST_TARGET_NAME = ComunicacionDeSegues;
			};
			name = Release;
		};
/* End XCBuildConfiguration section */

/* Begin XCConfigurationList section */
		A3E68C4A2737422B00EB41E3 /* Build configuration list for PBXProject "ComunicacionDeSegues" */ = {
			isa = XCConfigurationList;
			buildConfigurations = (
				A3E68C7A2737422C00EB41E3 /* Debug */,
				A3E68C7B2737422C00EB41E3 /* Release */,
			);
			defaultConfigurationIsVisible = 0;
			defaultConfigurationName = Release;
		};
		A3E68C7C2737422C00EB41E3 /* Build configuration list for PBXNativeTarget "ComunicacionDeSegues" */ = {
			isa = XCConfigurationList;
			buildConfigurations = (
				A3E68C7D2737422C00EB41E3 /* Debug */,
				A3E68C7E2737422C00EB41E3 /* Release */,
			);
			defaultConfigurationIsVisible = 0;
			defaultConfigurationName = Release;
		};
		A3E68C7F2737422C00EB41E3 /* Build configuration list for PBXNativeTarget "ComunicacionDeSeguesTests" */ = {
			isa = XCConfigurationList;
			buildConfigurations = (
				A3E68C802737422C00EB41E3 /* Debug */,
				A3E68C812737422C00EB41E3 /* Release */,
			);
			defaultConfigurationIsVisible = 0;
			defaultConfigurationName = Release;
		};
		A3E68C822737422C00EB41E3 /* Build configuration list for PBXNativeTarget "ComunicacionDeSeguesUITests" */ = {
			isa = XCConfigurationList;
			buildConfigurations = (
				A3E68C832737422C00EB41E3 /* Debug */,
				A3E68C842737422C00EB41E3 /* Release */,
			);
			defaultConfigurationIsVisible = 0;
			defaultConfigurationName = Release;
		};
/* End XCConfigurationList section */

/* Begin XCVersionGroup section */
		A3E68C5B2737422B00EB41E3 /* ComunicacionDeSegues.xcdatamodeld */ = {
			isa = XCVersionGroup;
			children = (
				A3E68C5C2737422B00EB41E3 /* ComunicacionDeSegues.xcdatamodel */,
			);
			currentVersion = A3E68C5C2737422B00EB41E3 /* ComunicacionDeSegues.xcdatamodel */;
			path = ComunicacionDeSegues.xcdatamodeld;
			sourceTree = "<group>";
			versionGroupType = wrapper.xcdatamodel;
		};
/* End XCVersionGroup section */
	};
	rootObject = A3E68C472737422B00EB41E3 /* Project object */;
}
